
Microsoft Visual Studio Solution File, Format Version 12.00
# Visual Studio Version 16
VisualStudioVersion = 16.0.32901.82
MinimumVisualStudioVersion = 10.0.40219.1
Project("{8BC9CEB8-8B4A-11D0-8D11-00A0C91BC942}") = "Sandbox", "Sandbox\Sandbox.vcxproj", "{AB56690D-401B-4139-8D94-9CC9DF8EF47F}"
EndProject
Project("{8BC9CEB8-8B4A-11D0-8D11-00A0C91BC942}") = "Pcdv", "Pcdv\Pcdv.vcxproj", "{1F5D2282-2BF3-4D35-8CF3-CBC9861CC26F}"
EndProject
Global
	GlobalSection(SolutionConfigurationPlatforms) = preSolution
		Debug|x64 = Debug|x64
		Release|x64 = Release|x64
	EndGlobalSection
	GlobalSection(ProjectConfigurationPlatforms) = postSolution
		{1F5D2282-2BF3-4D35-8CF3-CBC9861CC26F}.Debug|x64.ActiveCfg = Debug|x64
		{1F5D2282-2BF3-4D35-8CF3-CBC9861CC26F}.Debug|x64.Build.0 = Debug|x64
		{1F5D2282-2BF3-4D35-8CF3-CBC9861CC26F}.Release|x64.ActiveCfg = Release|x64
		{1F5D2282-2BF3-4D35-8CF3-CBC9861CC26F}.Release|x64.Build.0 = Release|x64
		{AB56690D-401B-4139-8D94-9CC9DF8EF47F}.Debug|x64.ActiveCfg = Debug|x64
		{AB56690D-401B-4139-8D94-9CC9DF8EF47F}.Debug|x64.Build.0 = Debug|x64
		{AB56690D-401B-4139-8D94-9CC9DF8EF47F}.Release|x64.ActiveCfg = Release|x64
		{AB56690D-401B-4139-8D94-9CC9DF8EF47F}.Release|x64.Build.0 = Release|x64
	EndGlobalSection
	GlobalSection(SolutionProperties) = preSolution
		HideSolutionNode = FALSE
	EndGlobalSection
	GlobalSection(ExtensibilityGlobals) = postSolution
		SolutionGuid = {286574EF-36A2-4CAD-9D62-6B376CE00CDC}
	EndGlobalSection
EndGlobal
